
Microsoft Visual Studio Solution File, Format Version 12.00
# Visual Studio Version 17
VisualStudioVersion = 17.13.35931.197 d17.13
MinimumVisualStudioVersion = 10.0.40219.1
Project("{FAE04EC0-301F-11D3-BF4B-00C04F79EFBC}") = "API", "API\API.csproj", "{A796FCB1-22A6-4E04-A44F-B9B8D347BA16}"
EndProject
Global
	GlobalSection(SolutionConfigurationPlatforms) = preSolution
		Debug|Any CPU = Debug|Any CPU
		Release|Any CPU = Release|Any CPU
	EndGlobalSection
	GlobalSection(ProjectConfigurationPlatforms) = postSolution
		{A796FCB1-22A6-4E04-A44F-B9B8D347BA16}.Debug|Any CPU.ActiveCfg = Debug|Any CPU
		{A796FCB1-22A6-4E04-A44F-B9B8D347BA16}.Debug|Any CPU.Build.0 = Debug|Any CPU
		{A796FCB1-22A6-4E04-A44F-B9B8D347BA16}.Release|Any CPU.ActiveCfg = Release|Any CPU
		{A796FCB1-22A6-4E04-A44F-B9B8D347BA16}.Release|Any CPU.Build.0 = Release|Any CPU
	EndGlobalSection
	GlobalSection(SolutionProperties) = preSolution
		HideSolutionNode = FALSE
	EndGlobalSection
	GlobalSection(ExtensibilityGlobals) = postSolution
		SolutionGuid = {CC7FFEC2-DA09-420D-AF5F-DF412075DA6D}
	EndGlobalSection
EndGlobal
